github.com/dave/gopackages v0.0.0-20170318123100-46e7023ec56e h1:l99YKCdrK4Lvb/zTupt0GMPfNbncAGf8Cv/t1sYLOg0=
github.com/dave/gopackages v0.0.0-20170318123100-46e7023ec56e/go.mod h1:i00+b/gKdIDIxuLDFob7ustLAVqhsZRk2qVZrArELGQ=
github.com/dave/jennifer v1.2.0 h1:S15ZkFMRoJ36mGAQgWL1tnr0NQJh9rZ8qatseX/VbBc=
github.com/dave/jennifer v1.2.0/go.mod h1:fIb+770HOpJ2fmN9EPPKOqm1vMGhB+TwXKMZhrIygKg=
github.com/dave/kerr v0.0.0-20170318121727-bc25dd6abe8e h1:xURkGi4RydhyaYR6PzcyHTueQudxY4LgxN1oYEPJHa0=
github.com/dave/kerr v0.0.0-20170318121727-bc25dd6abe8e/go.mod h1:qZqlPyPvfsDJt+3wHJ1EvSXDuVjFTK0j2p/ca+gtsb8=
github.com/dave/rebecca v0.9.1 h1:jxVfdOxRirbXL28vXMvUvJ1in3djwkVKXCq339qhBL0=
github.com/dave/rebecca v0.9.1/go.mod h1:N6XYdMD/OKw3lkF3ywh8Z6wPGuwNFDNtWYEMFWEmXBA=
golang.org/x/net v0.0.0-20180218175443-cbe0f9307d01 h1:po1f06KS05FvIQQA2pMuOWZAUXiy1KYdIf0ElUU2Hhc=
golang.org/x/net v0.0.0-20180218175443-cbe0f9307d01/go.mod h1:mL1N/T3taQHkDXs73rZJwtUhF3w3ftmwwsq0BUmARs4=
